
Microsoft Visual Studio Solution File, Format Version 12.00
# Visual Studio 15
VisualStudioVersion = 15.0.28307.271
MinimumVisualStudioVersion = 10.0.40219.1
Project("{8BC9CEB8-8B4A-11D0-8D11-00A0C91BC942}") = "amMayaPlugIn", "amMayaPlugIn\amMayaPlugIn.vcxproj", "{6669A5DB-E82E-4374-BEB7-67128DAA9D37}"
EndProject
Global
	GlobalSection(SolutionConfigurationPlatforms) = preSolution
		Debug|x64 = Debug|x64
		Debug|x86 = Debug|x86
		Release|x64 = Release|x64
		Release|x86 = Release|x86
	EndGlobalSection
	GlobalSection(ProjectConfigurationPlatforms) = postSolution
		{6669A5DB-E82E-4374-BEB7-67128DAA9D37}.Debug|x64.ActiveCfg = Debug|x64
		{6669A5DB-E82E-4374-BEB7-67128DAA9D37}.Debug|x64.Build.0 = Debug|x64
		{6669A5DB-E82E-4374-BEB7-67128DAA9D37}.Debug|x86.ActiveCfg = Debug|Win32
		{6669A5DB-E82E-4374-BEB7-67128DAA9D37}.Debug|x86.Build.0 = Debug|Win32
		{6669A5DB-E82E-4374-BEB7-67128DAA9D37}.Release|x64.ActiveCfg = Release|x64
		{6669A5DB-E82E-4374-BEB7-67128DAA9D37}.Release|x64.Build.0 = Release|x64
		{6669A5DB-E82E-4374-BEB7-67128DAA9D37}.Release|x86.ActiveCfg = Release|Win32
		{6669A5DB-E82E-4374-BEB7-67128DAA9D37}.Release|x86.Build.0 = Release|Win32
	EndGlobalSection
	GlobalSection(SolutionProperties) = preSolution
		HideSolutionNode = FALSE
	EndGlobalSection
	GlobalSection(ExtensibilityGlobals) = postSolution
		SolutionGuid = {0E79FA7C-C7B2-49E6-80D7-3A6591C03259}
	EndGlobalSection
EndGlobal
